
Microsoft Visual Studio Solution File, Format Version 12.00
# Visual Studio Version 17
VisualStudioVersion = 17.4.33205.214
MinimumVisualStudioVersion = 10.0.40219.1
Project("{FAE04EC0-301F-11D3-BF4B-00C04F79EFBC}") = "WebApi", "WebApi.csproj", "{A7388264-919D-41DA-B1FD-D7A57149CC02}"
EndProject
Global
	GlobalSection(SolutionConfigurationPlatforms) = preSolution
		Debug|Any CPU = Debug|Any CPU
		Release|Any CPU = Release|Any CPU
	EndGlobalSection
	GlobalSection(ProjectConfigurationPlatforms) = postSolution
		{A7388264-919D-41DA-B1FD-D7A57149CC02}.Debug|Any CPU.ActiveCfg = Debug|Any CPU
		{A7388264-919D-41DA-B1FD-D7A57149CC02}.Debug|Any CPU.Build.0 = Debug|Any CPU
		{A7388264-919D-41DA-B1FD-D7A57149CC02}.Release|Any CPU.ActiveCfg = Release|Any CPU
		{A7388264-919D-41DA-B1FD-D7A57149CC02}.Release|Any CPU.Build.0 = Release|Any CPU
	EndGlobalSection
	GlobalSection(SolutionProperties) = preSolution
		HideSolutionNode = FALSE
	EndGlobalSection
	GlobalSection(ExtensibilityGlobals) = postSolution
		SolutionGuid = {C985B849-CF7C-491E-A536-A47208714429}
	EndGlobalSection
EndGlobal
